
Microsoft Visual Studio Solution File, Format Version 12.00
# Visual Studio Version 17
VisualStudioVersion = 17.5.002.0
MinimumVisualStudioVersion = 10.0.40219.1
Project("{9A19103F-16F7-4668-BE54-9A1E7A4F7556}") = "practice-record-list-linq", "practice-record-list-linq.csproj", "{F05B7AD2-EF0E-47CA-B960-07E6551D43D4}"
EndProject
Global
	GlobalSection(SolutionConfigurationPlatforms) = preSolution
		Debug|Any CPU = Debug|Any CPU
		Release|Any CPU = Release|Any CPU
	EndGlobalSection
	GlobalSection(ProjectConfigurationPlatforms) = postSolution
		{F05B7AD2-EF0E-47CA-B960-07E6551D43D4}.Debug|Any CPU.ActiveCfg = Debug|Any CPU
		{F05B7AD2-EF0E-47CA-B960-07E6551D43D4}.Debug|Any CPU.Build.0 = Debug|Any CPU
		{F05B7AD2-EF0E-47CA-B960-07E6551D43D4}.Release|Any CPU.ActiveCfg = Release|Any CPU
		{F05B7AD2-EF0E-47CA-B960-07E6551D43D4}.Release|Any CPU.Build.0 = Release|Any CPU
	EndGlobalSection
	GlobalSection(SolutionProperties) = preSolution
		HideSolutionNode = FALSE
	EndGlobalSection
	GlobalSection(ExtensibilityGlobals) = postSolution
		SolutionGuid = {7FA8CAB3-6CFF-4661-8D3B-9F57E71DD8F2}
	EndGlobalSection
EndGlobal
